
Microsoft Visual Studio Solution File, Format Version 12.00
# Visual Studio Version 17
VisualStudioVersion = 17.0.31903.59
MinimumVisualStudioVersion = 10.0.40219.1
Project("{FAE04EC0-301F-11D3-BF4B-00C04F79EFBC}") = "Dacheng.Wechat.Pay", "Dacheng.Wechat.Pay\Dacheng.Wechat.Pay.csproj", "{61DEDD91-C507-46F6-A410-FC670269881C}"
EndProject
Project("{2150E333-8FDC-42A3-9474-1A3956D46DE8}") = "Tests", "Tests", "{F23258F5-F161-4D40-A152-43AD2B614618}"
EndProject
Project("{FAE04EC0-301F-11D3-BF4B-00C04F79EFBC}") = "Dacheng.Wechat.Pay.Test", "Tests\Dacheng.Wechat.Pay.Test\Dacheng.Wechat.Pay.Test.csproj", "{DE2A83E9-85F9-4B6E-A280-1F0661F47FE2}"
EndProject
Global
	GlobalSection(SolutionConfigurationPlatforms) = preSolution
		Debug|Any CPU = Debug|Any CPU
		Release|Any CPU = Release|Any CPU
	EndGlobalSection
	GlobalSection(SolutionProperties) = preSolution
		HideSolutionNode = FALSE
	EndGlobalSection
	GlobalSection(ProjectConfigurationPlatforms) = postSolution
		{61DEDD91-C507-46F6-A410-FC670269881C}.Debug|Any CPU.ActiveCfg = Debug|Any CPU
		{61DEDD91-C507-46F6-A410-FC670269881C}.Debug|Any CPU.Build.0 = Debug|Any CPU
		{61DEDD91-C507-46F6-A410-FC670269881C}.Release|Any CPU.ActiveCfg = Release|Any CPU
		{61DEDD91-C507-46F6-A410-FC670269881C}.Release|Any CPU.Build.0 = Release|Any CPU
		{DE2A83E9-85F9-4B6E-A280-1F0661F47FE2}.Debug|Any CPU.ActiveCfg = Debug|Any CPU
		{DE2A83E9-85F9-4B6E-A280-1F0661F47FE2}.Debug|Any CPU.Build.0 = Debug|Any CPU
		{DE2A83E9-85F9-4B6E-A280-1F0661F47FE2}.Release|Any CPU.ActiveCfg = Release|Any CPU
		{DE2A83E9-85F9-4B6E-A280-1F0661F47FE2}.Release|Any CPU.Build.0 = Release|Any CPU
	EndGlobalSection
	GlobalSection(NestedProjects) = preSolution
		{DE2A83E9-85F9-4B6E-A280-1F0661F47FE2} = {F23258F5-F161-4D40-A152-43AD2B614618}
	EndGlobalSection
EndGlobal
